
Microsoft Visual Studio Solution File, Format Version 12.00
# Visual Studio 2013
VisualStudioVersion = 12.0.31101.0
MinimumVisualStudioVersion = 10.0.40219.1
Project("{2150E333-8FDC-42A3-9474-1A3956D46DE8}") = "Library", "Library", "{727F6F78-9BC8-41D2-B7E5-43A930B888F6}"
EndProject
Project("{2150E333-8FDC-42A3-9474-1A3956D46DE8}") = "Setup", "Setup", "{0BB5DB1D-ECC4-4B0A-9489-E3C227187AD5}"
EndProject
Project("{2150E333-8FDC-42A3-9474-1A3956D46DE8}") = "Source", "Source", "{2B7F670A-2DB5-4708-919D-9E2712667ACD}"
EndProject
Project("{2150E333-8FDC-42A3-9474-1A3956D46DE8}") = "Unit Test", "Unit Test", "{D2CB0334-8877-4FF9-9975-953094511BFB}"
EndProject
Project("{2150E333-8FDC-42A3-9474-1A3956D46DE8}") = "Documentation", "Documentation", "{02AA66CD-AD49-4122-877A-418F73A204FC}"
EndProject
Project("{2150E333-8FDC-42A3-9474-1A3956D46DE8}") = "02 CSharp Language", "02 CSharp Language", "{67743271-827E-4433-89A6-B0EC4870D995}"
EndProject
Project("{FAE04EC0-301F-11D3-BF4B-00C04F79EFBC}") = "Concept", "src\Concept\Concept.csproj", "{24D0E2EB-63E4-4C07-8C86-EB154AF14A23}"
EndProject
Project("{2150E333-8FDC-42A3-9474-1A3956D46DE8}") = "02 CSharp Language", "02 CSharp Language", "{FA94D609-A639-4CB7-8FA9-E37AF3F4521C}"
EndProject
Project("{FAE04EC0-301F-11D3-BF4B-00C04F79EFBC}") = "Common", "src\Common\Common.csproj", "{2A376B00-9413-44B4-AC97-BA17C20E9EAC}"
EndProject
Project("{2150E333-8FDC-42A3-9474-1A3956D46DE8}") = "04 Factory Method", "04 Factory Method", "{A5A3528E-2B45-4212-9C4A-71BBBAA8A2F1}"
EndProject
Project("{FAE04EC0-301F-11D3-BF4B-00C04F79EFBC}") = "FactoryMethod", "src\FactoryMethod\FactoryMethod.csproj", "{51D00729-44A0-41D9-B7A5-0150692F1C67}"
EndProject
Project("{FAE04EC0-301F-11D3-BF4B-00C04F79EFBC}") = "Concept.Test", "unitTest\Concept.Test\Concept.Test.csproj", "{A210A525-2D98-4D8E-9CAE-B0D9D1472625}"
EndProject
Project("{2150E333-8FDC-42A3-9474-1A3956D46DE8}") = "04 Factory Method", "04 Factory Method", "{63489FCD-C6FC-405E-9D6E-6CE63A959DBB}"
EndProject
Project("{FAE04EC0-301F-11D3-BF4B-00C04F79EFBC}") = "FactoryMethod.Test", "unitTest\FactoryMethod.Test\FactoryMethod.Test.csproj", "{3FC60B61-8DDA-4516-86B3-9C80E833D3CC}"
EndProject
Project("{2150E333-8FDC-42A3-9474-1A3956D46DE8}") = "05 Singleton", "05 Singleton", "{D667C47F-CB7C-45F5-B9A3-8E5C2556FCB4}"
EndProject
Project("{FAE04EC0-301F-11D3-BF4B-00C04F79EFBC}") = "Singleton", "src\Singleton\Singleton.csproj", "{F32C67B9-3825-4A13-A0BF-2880C606D46D}"
EndProject
Project("{2150E333-8FDC-42A3-9474-1A3956D46DE8}") = "05 Singleton", "05 Singleton", "{61BE53C9-E84E-444F-B534-56B3D40E8487}"
EndProject
Project("{FAE04EC0-301F-11D3-BF4B-00C04F79EFBC}") = "Singleton.Test", "unitTest\Singleton.Test\Singleton.Test.csproj", "{885CE8C4-CEDB-4CA3-A539-6C72C4DCA8DF}"
EndProject
Project("{2150E333-8FDC-42A3-9474-1A3956D46DE8}") = "06 Abstract Factory", "06 Abstract Factory", "{B491C1A4-82EB-4D71-B85B-E238239A5AE0}"
EndProject
Project("{FAE04EC0-301F-11D3-BF4B-00C04F79EFBC}") = "AbstractFactory", "src\AbstractFactory\AbstractFactory.csproj", "{03420171-576A-4581-96CC-B357337149AD}"
EndProject
Project("{2150E333-8FDC-42A3-9474-1A3956D46DE8}") = "06 Abstract Factory", "06 Abstract Factory", "{D87C7A66-3C23-4A28-9CDC-96AA4B1B856C}"
EndProject
Project("{FAE04EC0-301F-11D3-BF4B-00C04F79EFBC}") = "AbstractFactory.Tests", "unitTest\AbstractFactory.Tests\AbstractFactory.Tests.csproj", "{4FCD1915-637B-423C-9DB3-1EA7CB97112F}"
EndProject
Project("{2150E333-8FDC-42A3-9474-1A3956D46DE8}") = "07 Builder", "07 Builder", "{E6132DEF-D37C-4728-919E-141245D51EFF}"
EndProject
Project("{FAE04EC0-301F-11D3-BF4B-00C04F79EFBC}") = "Builder", "src\Builder\Builder.csproj", "{098A0C6B-403D-48B3-BE06-4F7200DE3845}"
EndProject
Project("{2150E333-8FDC-42A3-9474-1A3956D46DE8}") = "07 Builder", "07 Builder", "{8E17D1D5-2AE2-4270-8233-D1D6DA0A46BD}"
EndProject
Project("{FAE04EC0-301F-11D3-BF4B-00C04F79EFBC}") = "Builder.Tests", "unitTest\Builder.Tests\Builder.Tests.csproj", "{4756F771-82B3-4002-B130-6BDCCD7331A9}"
EndProject
Project("{2150E333-8FDC-42A3-9474-1A3956D46DE8}") = "08 Prototype", "08 Prototype", "{91F05B40-468F-4D44-81C6-F6A26597A283}"
EndProject
Project("{FAE04EC0-301F-11D3-BF4B-00C04F79EFBC}") = "Prototype", "src\Prototype\Prototype.csproj", "{26D19833-C6CF-4F1B-BA0C-87033597BB54}"
EndProject
Project("{2150E333-8FDC-42A3-9474-1A3956D46DE8}") = "08 Prototype", "08 Prototype", "{E24DA1B0-C4C9-42B7-BA80-4DE93B588DA6}"
EndProject
Project("{FAE04EC0-301F-11D3-BF4B-00C04F79EFBC}") = "Prototype.Tests", "unitTest\Prototype.Tests\Prototype.Tests.csproj", "{A644C4E8-6D49-4BD8-9FE0-939C09316406}"
EndProject
Project("{2150E333-8FDC-42A3-9474-1A3956D46DE8}") = "09 Adapter", "09 Adapter", "{4FC4433C-5F5E-4F49-9B48-61C35AEC218E}"
EndProject
Project("{FAE04EC0-301F-11D3-BF4B-00C04F79EFBC}") = "Adapter", "src\Adapter\Adapter.csproj", "{2DA27FD3-F484-4BA1-88EB-881D66C80295}"
EndProject
Project("{2150E333-8FDC-42A3-9474-1A3956D46DE8}") = "09 Adapter", "09 Adapter", "{6D88618A-6785-439D-9C23-04CFA21FDE9E}"
EndProject
Project("{FAE04EC0-301F-11D3-BF4B-00C04F79EFBC}") = "Adapter.Tests", "unitTest\Adapter.Tests\Adapter.Tests.csproj", "{C44542EB-C2A6-4C4A-8FDC-749C87FBD5DE}"
EndProject
Project("{2150E333-8FDC-42A3-9474-1A3956D46DE8}") = "10 Bridge", "10 Bridge", "{5D7AEFBA-F52C-4FFF-A070-41411EF02BBB}"
EndProject
Project("{FAE04EC0-301F-11D3-BF4B-00C04F79EFBC}") = "Bridge", "src\Bridge\Bridge.csproj", "{4F4EACE6-4838-48B0-A818-A9C3F3C508BC}"
EndProject
Project("{2150E333-8FDC-42A3-9474-1A3956D46DE8}") = "10 Bridge", "10 Bridge", "{0603156C-AF46-4500-A6DD-D4635EFD8DFA}"
EndProject
Project("{FAE04EC0-301F-11D3-BF4B-00C04F79EFBC}") = "Bridge.Tests", "unitTest\Bridge.Tests\Bridge.Tests.csproj", "{EA743321-CA5B-4114-95AA-45034AD93706}"
EndProject
Project("{2150E333-8FDC-42A3-9474-1A3956D46DE8}") = "11 Composite", "11 Composite", "{8C0CC0A9-85D2-4AC5-94D3-9F24F7572888}"
EndProject
Project("{FAE04EC0-301F-11D3-BF4B-00C04F79EFBC}") = "Composite", "src\Composite\Composite.csproj", "{5A240FC3-C3D8-47C6-A79C-69F96D2F916B}"
EndProject
Project("{2150E333-8FDC-42A3-9474-1A3956D46DE8}") = "11 Composite", "11 Composite", "{F1D49D05-B9E1-488C-8874-54D9CE1B4C11}"
EndProject
Project("{FAE04EC0-301F-11D3-BF4B-00C04F79EFBC}") = "Composite.Tests", "unitTest\Composite.Tests\Composite.Tests.csproj", "{EA12152C-78FD-440E-89F4-8F1340DE0954}"
EndProject
Project("{2150E333-8FDC-42A3-9474-1A3956D46DE8}") = "12 Decorator", "12 Decorator", "{620CBC3F-144F-4F13-92F3-CF7F4075670C}"
EndProject
Project("{FAE04EC0-301F-11D3-BF4B-00C04F79EFBC}") = "Decorator", "src\Decorator\Decorator.csproj", "{8F0C1A5B-BA10-4210-BB8C-69C03CCFF434}"
EndProject
Project("{2150E333-8FDC-42A3-9474-1A3956D46DE8}") = "12 Decorator", "12 Decorator", "{52FDCD3C-2C19-4BF3-B2A1-1CF8754EDAC8}"
EndProject
Project("{FAE04EC0-301F-11D3-BF4B-00C04F79EFBC}") = "Decorator.Tests", "unitTest\Decorator.Tests\Decorator.Tests.csproj", "{16C45092-D0FF-4426-8C7C-2EFBDCF3241E}"
EndProject
Project("{2150E333-8FDC-42A3-9474-1A3956D46DE8}") = "14 Flyweight", "14 Flyweight", "{5198621A-184A-4E52-BA61-42A1378B2F20}"
EndProject
Project("{FAE04EC0-301F-11D3-BF4B-00C04F79EFBC}") = "Flyweight", "src\Flyweight\Flyweight.csproj", "{CF67717D-510E-4A4E-ACF5-B51DA82A05AA}"
EndProject
Project("{2150E333-8FDC-42A3-9474-1A3956D46DE8}") = "14 Flyweight", "14 Flyweight", "{3D14A906-8F97-45F7-AEBF-27D17B691204}"
EndProject
Project("{FAE04EC0-301F-11D3-BF4B-00C04F79EFBC}") = "Flyweight.Tests", "unitTest\Flyweight.Tests\Flyweight.Tests.csproj", "{10ECD3BF-169D-443B-B2E5-4E65D6C7B918}"
EndProject
Project("{2150E333-8FDC-42A3-9474-1A3956D46DE8}") = "16 Chain of Responsibility", "16 Chain of Responsibility", "{C3CDEB36-A74C-4115-B60B-944DB0975DC5}"
EndProject
Project("{FAE04EC0-301F-11D3-BF4B-00C04F79EFBC}") = "CoR", "src\CoR\CoR.csproj", "{4F4F78BD-B6B5-44C8-8A6D-F168FF0FFFC2}"
EndProject
Project("{2150E333-8FDC-42A3-9474-1A3956D46DE8}") = "16 Chain of Responsibility", "16 Chain of Responsibility", "{5B425FFC-0458-4537-B131-8B3912757A08}"
EndProject
Project("{FAE04EC0-301F-11D3-BF4B-00C04F79EFBC}") = "CoR.Tests", "unitTest\CoR.Tests\CoR.Tests.csproj", "{D9DC369F-AF70-432D-8A30-2CE4ED069DEE}"
EndProject
Project("{2150E333-8FDC-42A3-9474-1A3956D46DE8}") = "18 Interpreter", "18 Interpreter", "{5D0F98A5-47A7-4115-B342-B7C8C946D564}"
EndProject
Project("{FAE04EC0-301F-11D3-BF4B-00C04F79EFBC}") = "Interpreter", "src\Interpreter\Interpreter.csproj", "{205FD6EF-4A2A-4F25-92F9-5DCC98C6DC60}"
EndProject
Project("{2150E333-8FDC-42A3-9474-1A3956D46DE8}") = "18 Interpreter", "18 Interpreter", "{F2A8BF1C-A74E-4495-96B2-131AD10A159D}"
EndProject
Project("{FAE04EC0-301F-11D3-BF4B-00C04F79EFBC}") = "Interpreter.Tests", "unitTest\Interpreter.Tests\Interpreter.Tests.csproj", "{758A2BEF-8A79-44F7-B48B-9A6420DF81C1}"
EndProject
Project("{2150E333-8FDC-42A3-9474-1A3956D46DE8}") = "19 Command", "19 Command", "{81428E82-CE8B-4304-9EFD-890A574ED37E}"
EndProject
Project("{FAE04EC0-301F-11D3-BF4B-00C04F79EFBC}") = "Command", "src\Command\Command.csproj", "{9D7C4652-F976-408B-8D9E-2EED2BBB016D}"
EndProject
Project("{2150E333-8FDC-42A3-9474-1A3956D46DE8}") = "19 Command", "19 Command", "{6C3C99C9-2422-4326-AE0F-23FD7119E159}"
EndProject
Project("{FAE04EC0-301F-11D3-BF4B-00C04F79EFBC}") = "Command.Tests", "unitTest\Command.Tests\Command.Tests.csproj", "{2D915C36-3A0A-43C2-8A26-849EB122C242}"
EndProject
Project("{2150E333-8FDC-42A3-9474-1A3956D46DE8}") = "20 Iterator", "20 Iterator", "{0AB29DFA-85A9-45A5-AD2F-C1EA3D2AB126}"
EndProject
Project("{2150E333-8FDC-42A3-9474-1A3956D46DE8}") = "20 Iterator", "20 Iterator", "{27658A6F-E95E-4145-BDBF-8FD52C201478}"
EndProject
Project("{FAE04EC0-301F-11D3-BF4B-00C04F79EFBC}") = "Iterator", "src\Iterator\Iterator.csproj", "{909381D5-D76B-4B13-B55C-4BCA89E3EEEB}"
EndProject
Project("{FAE04EC0-301F-11D3-BF4B-00C04F79EFBC}") = "Iterator.Tests", "unitTest\Iterator.Tests\Iterator.Tests.csproj", "{9CC180D3-97D2-4DF9-AD4E-DF8C9C54AA50}"
EndProject
Project("{2150E333-8FDC-42A3-9474-1A3956D46DE8}") = "21 Mediator", "21 Mediator", "{59851EF1-E8FC-4F15-B252-22E5DC2F0E12}"
EndProject
Project("{FAE04EC0-301F-11D3-BF4B-00C04F79EFBC}") = "Mediator", "src\Mediator\Mediator.csproj", "{2632C4DC-DF29-4A0A-B760-023D3F1AA66E}"
EndProject
Project("{2150E333-8FDC-42A3-9474-1A3956D46DE8}") = "21 Mediator", "21 Mediator", "{EBB018BD-E25F-4BE8-96BB-98750F0AADDC}"
EndProject
Project("{FAE04EC0-301F-11D3-BF4B-00C04F79EFBC}") = "Mediator.Tests", "unitTest\Mediator.Tests\Mediator.Tests.csproj", "{97DE38CC-65AD-4C11-96E0-9E5F527DD15B}"
EndProject
Project("{2150E333-8FDC-42A3-9474-1A3956D46DE8}") = "22 Memento", "22 Memento", "{24A783A9-820A-4473-AE9F-BF86CFB6BE9B}"
EndProject
Project("{FAE04EC0-301F-11D3-BF4B-00C04F79EFBC}") = "Memento", "src\Memento\Memento.csproj", "{A661F654-8FA5-49B1-B255-25430C42CB39}"
EndProject
Project("{2150E333-8FDC-42A3-9474-1A3956D46DE8}") = "22 Memento", "22 Memento", "{383694EA-900B-48AD-B576-3B668AEA70DA}"
EndProject
Project("{FAE04EC0-301F-11D3-BF4B-00C04F79EFBC}") = "Memento.Tests", "unitTest\Memento.Tests\Memento.Tests.csproj", "{C9696741-1764-43F8-A8E5-5F14FB622AFB}"
EndProject
Project("{2150E333-8FDC-42A3-9474-1A3956D46DE8}") = "24 State", "24 State", "{3B5FF2B4-B953-4BB6-B262-9C2164F60235}"
EndProject
Project("{FAE04EC0-301F-11D3-BF4B-00C04F79EFBC}") = "State", "src\State\State.csproj", "{8AF65D0E-2D3F-46A5-974A-6F55F8FACDBB}"
EndProject
Project("{2150E333-8FDC-42A3-9474-1A3956D46DE8}") = "24 State", "24 State", "{17FFE241-C064-42F5-A3E9-6D83141F8CF6}"
EndProject
Project("{FAE04EC0-301F-11D3-BF4B-00C04F79EFBC}") = "State.Tests", "unitTest\State.Tests\State.Tests.csproj", "{C6CB0743-6FE9-422F-9204-1B52319AB40C}"
EndProject
Project("{2150E333-8FDC-42A3-9474-1A3956D46DE8}") = "25 Strategy", "25 Strategy", "{18E1F068-57EF-4BA0-B151-0970DFB4436E}"
EndProject
Project("{FAE04EC0-301F-11D3-BF4B-00C04F79EFBC}") = "Strategy", "src\Strategy\Strategy.csproj", "{3A6B9115-9540-4D98-9016-888B29324068}"
EndProject
Project("{2150E333-8FDC-42A3-9474-1A3956D46DE8}") = "25 Strategy", "25 Strategy", "{E35D1077-164A-44C8-8427-BCBEA7768E51}"
EndProject
Project("{FAE04EC0-301F-11D3-BF4B-00C04F79EFBC}") = "Strategy.Tests", "unitTest\Strategy.Tests\Strategy.Tests.csproj", "{4023D269-B3F1-435C-AB1B-85DFCA743659}"
EndProject
Global
	GlobalSection(SolutionConfigurationPlatforms) = preSolution
		Debug|Any CPU = Debug|Any CPU
		Release|Any CPU = Release|Any CPU
	EndGlobalSection
	GlobalSection(ProjectConfigurationPlatforms) = postSolution
		{24D0E2EB-63E4-4C07-8C86-EB154AF14A23}.Debug|Any CPU.ActiveCfg = Debug|Any CPU
		{24D0E2EB-63E4-4C07-8C86-EB154AF14A23}.Debug|Any CPU.Build.0 = Debug|Any CPU
		{24D0E2EB-63E4-4C07-8C86-EB154AF14A23}.Release|Any CPU.ActiveCfg = Release|Any CPU
		{24D0E2EB-63E4-4C07-8C86-EB154AF14A23}.Release|Any CPU.Build.0 = Release|Any CPU
		{2A376B00-9413-44B4-AC97-BA17C20E9EAC}.Debug|Any CPU.ActiveCfg = Debug|Any CPU
		{2A376B00-9413-44B4-AC97-BA17C20E9EAC}.Debug|Any CPU.Build.0 = Debug|Any CPU
		{2A376B00-9413-44B4-AC97-BA17C20E9EAC}.Release|Any CPU.ActiveCfg = Release|Any CPU
		{2A376B00-9413-44B4-AC97-BA17C20E9EAC}.Release|Any CPU.Build.0 = Release|Any CPU
		{51D00729-44A0-41D9-B7A5-0150692F1C67}.Debug|Any CPU.ActiveCfg = Debug|Any CPU
		{51D00729-44A0-41D9-B7A5-0150692F1C67}.Debug|Any CPU.Build.0 = Debug|Any CPU
		{51D00729-44A0-41D9-B7A5-0150692F1C67}.Release|Any CPU.ActiveCfg = Release|Any CPU
		{51D00729-44A0-41D9-B7A5-0150692F1C67}.Release|Any CPU.Build.0 = Release|Any CPU
		{A210A525-2D98-4D8E-9CAE-B0D9D1472625}.Debug|Any CPU.ActiveCfg = Debug|Any CPU
		{A210A525-2D98-4D8E-9CAE-B0D9D1472625}.Debug|Any CPU.Build.0 = Debug|Any CPU
		{A210A525-2D98-4D8E-9CAE-B0D9D1472625}.Release|Any CPU.ActiveCfg = Release|Any CPU
		{A210A525-2D98-4D8E-9CAE-B0D9D1472625}.Release|Any CPU.Build.0 = Release|Any CPU
		{3FC60B61-8DDA-4516-86B3-9C80E833D3CC}.Debug|Any CPU.ActiveCfg = Debug|Any CPU
		{3FC60B61-8DDA-4516-86B3-9C80E833D3CC}.Debug|Any CPU.Build.0 = Debug|Any CPU
		{3FC60B61-8DDA-4516-86B3-9C80E833D3CC}.Release|Any CPU.ActiveCfg = Release|Any CPU
		{3FC60B61-8DDA-4516-86B3-9C80E833D3CC}.Release|Any CPU.Build.0 = Release|Any CPU
		{F32C67B9-3825-4A13-A0BF-2880C606D46D}.Debug|Any CPU.ActiveCfg = Debug|Any CPU
		{F32C67B9-3825-4A13-A0BF-2880C606D46D}.Debug|Any CPU.Build.0 = Debug|Any CPU
		{F32C67B9-3825-4A13-A0BF-2880C606D46D}.Release|Any CPU.ActiveCfg = Release|Any CPU
		{F32C67B9-3825-4A13-A0BF-2880C606D46D}.Release|Any CPU.Build.0 = Release|Any CPU
		{885CE8C4-CEDB-4CA3-A539-6C72C4DCA8DF}.Debug|Any CPU.ActiveCfg = Debug|Any CPU
		{885CE8C4-CEDB-4CA3-A539-6C72C4DCA8DF}.Debug|Any CPU.Build.0 = Debug|Any CPU
		{885CE8C4-CEDB-4CA3-A539-6C72C4DCA8DF}.Release|Any CPU.ActiveCfg = Release|Any CPU
		{885CE8C4-CEDB-4CA3-A539-6C72C4DCA8DF}.Release|Any CPU.Build.0 = Release|Any CPU
		{03420171-576A-4581-96CC-B357337149AD}.Debug|Any CPU.ActiveCfg = Debug|Any CPU
		{03420171-576A-4581-96CC-B357337149AD}.Debug|Any CPU.Build.0 = Debug|Any CPU
		{03420171-576A-4581-96CC-B357337149AD}.Release|Any CPU.ActiveCfg = Release|Any CPU
		{03420171-576A-4581-96CC-B357337149AD}.Release|Any CPU.Build.0 = Release|Any CPU
		{4FCD1915-637B-423C-9DB3-1EA7CB97112F}.Debug|Any CPU.ActiveCfg = Debug|Any CPU
		{4FCD1915-637B-423C-9DB3-1EA7CB97112F}.Debug|Any CPU.Build.0 = Debug|Any CPU
		{4FCD1915-637B-423C-9DB3-1EA7CB97112F}.Release|Any CPU.ActiveCfg = Release|Any CPU
		{4FCD1915-637B-423C-9DB3-1EA7CB97112F}.Release|Any CPU.Build.0 = Release|Any CPU
		{098A0C6B-403D-48B3-BE06-4F7200DE3845}.Debug|Any CPU.ActiveCfg = Debug|Any CPU
		{098A0C6B-403D-48B3-BE06-4F7200DE3845}.Debug|Any CPU.Build.0 = Debug|Any CPU
		{098A0C6B-403D-48B3-BE06-4F7200DE3845}.Release|Any CPU.ActiveCfg = Release|Any CPU
		{098A0C6B-403D-48B3-BE06-4F7200DE3845}.Release|Any CPU.Build.0 = Release|Any CPU
		{4756F771-82B3-4002-B130-6BDCCD7331A9}.Debug|Any CPU.ActiveCfg = Debug|Any CPU
		{4756F771-82B3-4002-B130-6BDCCD7331A9}.Debug|Any CPU.Build.0 = Debug|Any CPU
		{4756F771-82B3-4002-B130-6BDCCD7331A9}.Release|Any CPU.ActiveCfg = Release|Any CPU
		{4756F771-82B3-4002-B130-6BDCCD7331A9}.Release|Any CPU.Build.0 = Release|Any CPU
		{26D19833-C6CF-4F1B-BA0C-87033597BB54}.Debug|Any CPU.ActiveCfg = Debug|Any CPU
		{26D19833-C6CF-4F1B-BA0C-87033597BB54}.Debug|Any CPU.Build.0 = Debug|Any CPU
		{26D19833-C6CF-4F1B-BA0C-87033597BB54}.Release|Any CPU.ActiveCfg = Release|Any CPU
		{26D19833-C6CF-4F1B-BA0C-87033597BB54}.Release|Any CPU.Build.0 = Release|Any CPU
		{A644C4E8-6D49-4BD8-9FE0-939C09316406}.Debug|Any CPU.ActiveCfg = Debug|Any CPU
		{A644C4E8-6D49-4BD8-9FE0-939C09316406}.Debug|Any CPU.Build.0 = Debug|Any CPU
		{A644C4E8-6D49-4BD8-9FE0-939C09316406}.Release|Any CPU.ActiveCfg = Release|Any CPU
		{A644C4E8-6D49-4BD8-9FE0-939C09316406}.Release|Any CPU.Build.0 = Release|Any CPU
		{2DA27FD3-F484-4BA1-88EB-881D66C80295}.Debug|Any CPU.ActiveCfg = Debug|Any CPU
		{2DA27FD3-F484-4BA1-88EB-881D66C80295}.Debug|Any CPU.Build.0 = Debug|Any CPU
		{2DA27FD3-F484-4BA1-88EB-881D66C80295}.Release|Any CPU.ActiveCfg = Release|Any CPU
		{2DA27FD3-F484-4BA1-88EB-881D66C80295}.Release|Any CPU.Build.0 = Release|Any CPU
		{C44542EB-C2A6-4C4A-8FDC-749C87FBD5DE}.Debug|Any CPU.ActiveCfg = Debug|Any CPU
		{C44542EB-C2A6-4C4A-8FDC-749C87FBD5DE}.Debug|Any CPU.Build.0 = Debug|Any CPU
		{C44542EB-C2A6-4C4A-8FDC-749C87FBD5DE}.Release|Any CPU.ActiveCfg = Release|Any CPU
		{C44542EB-C2A6-4C4A-8FDC-749C87FBD5DE}.Release|Any CPU.Build.0 = Release|Any CPU
		{4F4EACE6-4838-48B0-A818-A9C3F3C508BC}.Debug|Any CPU.ActiveCfg = Debug|Any CPU
		{4F4EACE6-4838-48B0-A818-A9C3F3C508BC}.Debug|Any CPU.Build.0 = Debug|Any CPU
		{4F4EACE6-4838-48B0-A818-A9C3F3C508BC}.Release|Any CPU.ActiveCfg = Release|Any CPU
		{4F4EACE6-4838-48B0-A818-A9C3F3C508BC}.Release|Any CPU.Build.0 = Release|Any CPU
		{EA743321-CA5B-4114-95AA-45034AD93706}.Debug|Any CPU.ActiveCfg = Debug|Any CPU
		{EA743321-CA5B-4114-95AA-45034AD93706}.Debug|Any CPU.Build.0 = Debug|Any CPU
		{EA743321-CA5B-4114-95AA-45034AD93706}.Release|Any CPU.ActiveCfg = Release|Any CPU
		{EA743321-CA5B-4114-95AA-45034AD93706}.Release|Any CPU.Build.0 = Release|Any CPU
		{5A240FC3-C3D8-47C6-A79C-69F96D2F916B}.Debug|Any CPU.ActiveCfg = Debug|Any CPU
		{5A240FC3-C3D8-47C6-A79C-69F96D2F916B}.Debug|Any CPU.Build.0 = Debug|Any CPU
		{5A240FC3-C3D8-47C6-A79C-69F96D2F916B}.Release|Any CPU.ActiveCfg = Release|Any CPU
		{5A240FC3-C3D8-47C6-A79C-69F96D2F916B}.Release|Any CPU.Build.0 = Release|Any CPU
		{EA12152C-78FD-440E-89F4-8F1340DE0954}.Debug|Any CPU.ActiveCfg = Debug|Any CPU
		{EA12152C-78FD-440E-89F4-8F1340DE0954}.Debug|Any CPU.Build.0 = Debug|Any CPU
		{EA12152C-78FD-440E-89F4-8F1340DE0954}.Release|Any CPU.ActiveCfg = Release|Any CPU
		{EA12152C-78FD-440E-89F4-8F1340DE0954}.Release|Any CPU.Build.0 = Release|Any CPU
		{8F0C1A5B-BA10-4210-BB8C-69C03CCFF434}.Debug|Any CPU.ActiveCfg = Debug|Any CPU
		{8F0C1A5B-BA10-4210-BB8C-69C03CCFF434}.Debug|Any CPU.Build.0 = Debug|Any CPU
		{8F0C1A5B-BA10-4210-BB8C-69C03CCFF434}.Release|Any CPU.ActiveCfg = Release|Any CPU
		{8F0C1A5B-BA10-4210-BB8C-69C03CCFF434}.Release|Any CPU.Build.0 = Release|Any CPU
		{16C45092-D0FF-4426-8C7C-2EFBDCF3241E}.Debug|Any CPU.ActiveCfg = Debug|Any CPU
		{16C45092-D0FF-4426-8C7C-2EFBDCF3241E}.Debug|Any CPU.Build.0 = Debug|Any CPU
		{16C45092-D0FF-4426-8C7C-2EFBDCF3241E}.Release|Any CPU.ActiveCfg = Release|Any CPU
		{16C45092-D0FF-4426-8C7C-2EFBDCF3241E}.Release|Any CPU.Build.0 = Release|Any CPU
		{CF67717D-510E-4A4E-ACF5-B51DA82A05AA}.Debug|Any CPU.ActiveCfg = Debug|Any CPU
		{CF67717D-510E-4A4E-ACF5-B51DA82A05AA}.Debug|Any CPU.Build.0 = Debug|Any CPU
		{CF67717D-510E-4A4E-ACF5-B51DA82A05AA}.Release|Any CPU.ActiveCfg = Release|Any CPU
		{CF67717D-510E-4A4E-ACF5-B51DA82A05AA}.Release|Any CPU.Build.0 = Release|Any CPU
		{10ECD3BF-169D-443B-B2E5-4E65D6C7B918}.Debug|Any CPU.ActiveCfg = Debug|Any CPU
		{10ECD3BF-169D-443B-B2E5-4E65D6C7B918}.Debug|Any CPU.Build.0 = Debug|Any CPU
		{10ECD3BF-169D-443B-B2E5-4E65D6C7B918}.Release|Any CPU.ActiveCfg = Release|Any CPU
		{10ECD3BF-169D-443B-B2E5-4E65D6C7B918}.Release|Any CPU.Build.0 = Release|Any CPU
		{4F4F78BD-B6B5-44C8-8A6D-F168FF0FFFC2}.Debug|Any CPU.ActiveCfg = Debug|Any CPU
		{4F4F78BD-B6B5-44C8-8A6D-F168FF0FFFC2}.Debug|Any CPU.Build.0 = Debug|Any CPU
		{4F4F78BD-B6B5-44C8-8A6D-F168FF0FFFC2}.Release|Any CPU.ActiveCfg = Release|Any CPU
		{4F4F78BD-B6B5-44C8-8A6D-F168FF0FFFC2}.Release|Any CPU.Build.0 = Release|Any CPU
		{D9DC369F-AF70-432D-8A30-2CE4ED069DEE}.Debug|Any CPU.ActiveCfg = Debug|Any CPU
		{D9DC369F-AF70-432D-8A30-2CE4ED069DEE}.Debug|Any CPU.Build.0 = Debug|Any CPU
		{D9DC369F-AF70-432D-8A30-2CE4ED069DEE}.Release|Any CPU.ActiveCfg = Release|Any CPU
		{D9DC369F-AF70-432D-8A30-2CE4ED069DEE}.Release|Any CPU.Build.0 = Release|Any CPU
		{205FD6EF-4A2A-4F25-92F9-5DCC98C6DC60}.Debug|Any CPU.ActiveCfg = Debug|Any CPU
		{205FD6EF-4A2A-4F25-92F9-5DCC98C6DC60}.Debug|Any CPU.Build.0 = Debug|Any CPU
		{205FD6EF-4A2A-4F25-92F9-5DCC98C6DC60}.Release|Any CPU.ActiveCfg = Release|Any CPU
		{205FD6EF-4A2A-4F25-92F9-5DCC98C6DC60}.Release|Any CPU.Build.0 = Release|Any CPU
		{758A2BEF-8A79-44F7-B48B-9A6420DF81C1}.Debug|Any CPU.ActiveCfg = Debug|Any CPU
		{758A2BEF-8A79-44F7-B48B-9A6420DF81C1}.Debug|Any CPU.Build.0 = Debug|Any CPU
		{758A2BEF-8A79-44F7-B48B-9A6420DF81C1}.Release|Any CPU.ActiveCfg = Release|Any CPU
		{758A2BEF-8A79-44F7-B48B-9A6420DF81C1}.Release|Any CPU.Build.0 = Release|Any CPU
		{9D7C4652-F976-408B-8D9E-2EED2BBB016D}.Debug|Any CPU.ActiveCfg = Debug|Any CPU
		{9D7C4652-F976-408B-8D9E-2EED2BBB016D}.Debug|Any CPU.Build.0 = Debug|Any CPU
		{9D7C4652-F976-408B-8D9E-2EED2BBB016D}.Release|Any CPU.ActiveCfg = Release|Any CPU
		{9D7C4652-F976-408B-8D9E-2EED2BBB016D}.Release|Any CPU.Build.0 = Release|Any CPU
		{2D915C36-3A0A-43C2-8A26-849EB122C242}.Debug|Any CPU.ActiveCfg = Debug|Any CPU
		{2D915C36-3A0A-43C2-8A26-849EB122C242}.Debug|Any CPU.Build.0 = Debug|Any CPU
		{2D915C36-3A0A-43C2-8A26-849EB122C242}.Release|Any CPU.ActiveCfg = Release|Any CPU
		{2D915C36-3A0A-43C2-8A26-849EB122C242}.Release|Any CPU.Build.0 = Release|Any CPU
		{909381D5-D76B-4B13-B55C-4BCA89E3EEEB}.Debug|Any CPU.ActiveCfg = Debug|Any CPU
		{909381D5-D76B-4B13-B55C-4BCA89E3EEEB}.Debug|Any CPU.Build.0 = Debug|Any CPU
		{909381D5-D76B-4B13-B55C-4BCA89E3EEEB}.Release|Any CPU.ActiveCfg = Release|Any CPU
		{909381D5-D76B-4B13-B55C-4BCA89E3EEEB}.Release|Any CPU.Build.0 = Release|Any CPU
		{9CC180D3-97D2-4DF9-AD4E-DF8C9C54AA50}.Debug|Any CPU.ActiveCfg = Debug|Any CPU
		{9CC180D3-97D2-4DF9-AD4E-DF8C9C54AA50}.Debug|Any CPU.Build.0 = Debug|Any CPU
		{9CC180D3-97D2-4DF9-AD4E-DF8C9C54AA50}.Release|Any CPU.ActiveCfg = Release|Any CPU
		{9CC180D3-97D2-4DF9-AD4E-DF8C9C54AA50}.Release|Any CPU.Build.0 = Release|Any CPU
		{2632C4DC-DF29-4A0A-B760-023D3F1AA66E}.Debug|Any CPU.ActiveCfg = Debug|Any CPU
		{2632C4DC-DF29-4A0A-B760-023D3F1AA66E}.Debug|Any CPU.Build.0 = Debug|Any CPU
		{2632C4DC-DF29-4A0A-B760-023D3F1AA66E}.Release|Any CPU.ActiveCfg = Release|Any CPU
		{2632C4DC-DF29-4A0A-B760-023D3F1AA66E}.Release|Any CPU.Build.0 = Release|Any CPU
		{97DE38CC-65AD-4C11-96E0-9E5F527DD15B}.Debug|Any CPU.ActiveCfg = Debug|Any CPU
		{97DE38CC-65AD-4C11-96E0-9E5F527DD15B}.Debug|Any CPU.Build.0 = Debug|Any CPU
		{97DE38CC-65AD-4C11-96E0-9E5F527DD15B}.Release|Any CPU.ActiveCfg = Release|Any CPU
		{97DE38CC-65AD-4C11-96E0-9E5F527DD15B}.Release|Any CPU.Build.0 = Release|Any CPU
		{A661F654-8FA5-49B1-B255-25430C42CB39}.Debug|Any CPU.ActiveCfg = Debug|Any CPU
		{A661F654-8FA5-49B1-B255-25430C42CB39}.Debug|Any CPU.Build.0 = Debug|Any CPU
		{A661F654-8FA5-49B1-B255-25430C42CB39}.Release|Any CPU.ActiveCfg = Release|Any CPU
		{A661F654-8FA5-49B1-B255-25430C42CB39}.Release|Any CPU.Build.0 = Release|Any CPU
		{C9696741-1764-43F8-A8E5-5F14FB622AFB}.Debug|Any CPU.ActiveCfg = Debug|Any CPU
		{C9696741-1764-43F8-A8E5-5F14FB622AFB}.Debug|Any CPU.Build.0 = Debug|Any CPU
		{C9696741-1764-43F8-A8E5-5F14FB622AFB}.Release|Any CPU.ActiveCfg = Release|Any CPU
		{C9696741-1764-43F8-A8E5-5F14FB622AFB}.Release|Any CPU.Build.0 = Release|Any CPU
		{8AF65D0E-2D3F-46A5-974A-6F55F8FACDBB}.Debug|Any CPU.ActiveCfg = Debug|Any CPU
		{8AF65D0E-2D3F-46A5-974A-6F55F8FACDBB}.Debug|Any CPU.Build.0 = Debug|Any CPU
		{8AF65D0E-2D3F-46A5-974A-6F55F8FACDBB}.Release|Any CPU.ActiveCfg = Release|Any CPU
		{8AF65D0E-2D3F-46A5-974A-6F55F8FACDBB}.Release|Any CPU.Build.0 = Release|Any CPU
		{C6CB0743-6FE9-422F-9204-1B52319AB40C}.Debug|Any CPU.ActiveCfg = Debug|Any CPU
		{C6CB0743-6FE9-422F-9204-1B52319AB40C}.Debug|Any CPU.Build.0 = Debug|Any CPU
		{C6CB0743-6FE9-422F-9204-1B52319AB40C}.Release|Any CPU.ActiveCfg = Release|Any CPU
		{C6CB0743-6FE9-422F-9204-1B52319AB40C}.Release|Any CPU.Build.0 = Release|Any CPU
		{3A6B9115-9540-4D98-9016-888B29324068}.Debug|Any CPU.ActiveCfg = Debug|Any CPU
		{3A6B9115-9540-4D98-9016-888B29324068}.Debug|Any CPU.Build.0 = Debug|Any CPU
		{3A6B9115-9540-4D98-9016-888B29324068}.Release|Any CPU.ActiveCfg = Release|Any CPU
		{3A6B9115-9540-4D98-9016-888B29324068}.Release|Any CPU.Build.0 = Release|Any CPU
		{4023D269-B3F1-435C-AB1B-85DFCA743659}.Debug|Any CPU.ActiveCfg = Debug|Any CPU
		{4023D269-B3F1-435C-AB1B-85DFCA743659}.Debug|Any CPU.Build.0 = Debug|Any CPU
		{4023D269-B3F1-435C-AB1B-85DFCA743659}.Release|Any CPU.ActiveCfg = Release|Any CPU
		{4023D269-B3F1-435C-AB1B-85DFCA743659}.Release|Any CPU.Build.0 = Release|Any CPU
	EndGlobalSection
	GlobalSection(SolutionProperties) = preSolution
		HideSolutionNode = FALSE
	EndGlobalSection
	GlobalSection(NestedProjects) = preSolution
		{67743271-827E-4433-89A6-B0EC4870D995} = {2B7F670A-2DB5-4708-919D-9E2712667ACD}
		{24D0E2EB-63E4-4C07-8C86-EB154AF14A23} = {67743271-827E-4433-89A6-B0EC4870D995}
		{FA94D609-A639-4CB7-8FA9-E37AF3F4521C} = {D2CB0334-8877-4FF9-9975-953094511BFB}
		{2A376B00-9413-44B4-AC97-BA17C20E9EAC} = {2B7F670A-2DB5-4708-919D-9E2712667ACD}
		{A5A3528E-2B45-4212-9C4A-71BBBAA8A2F1} = {2B7F670A-2DB5-4708-919D-9E2712667ACD}
		{51D00729-44A0-41D9-B7A5-0150692F1C67} = {A5A3528E-2B45-4212-9C4A-71BBBAA8A2F1}
		{A210A525-2D98-4D8E-9CAE-B0D9D1472625} = {FA94D609-A639-4CB7-8FA9-E37AF3F4521C}
		{63489FCD-C6FC-405E-9D6E-6CE63A959DBB} = {D2CB0334-8877-4FF9-9975-953094511BFB}
		{3FC60B61-8DDA-4516-86B3-9C80E833D3CC} = {63489FCD-C6FC-405E-9D6E-6CE63A959DBB}
		{D667C47F-CB7C-45F5-B9A3-8E5C2556FCB4} = {2B7F670A-2DB5-4708-919D-9E2712667ACD}
		{F32C67B9-3825-4A13-A0BF-2880C606D46D} = {D667C47F-CB7C-45F5-B9A3-8E5C2556FCB4}
		{61BE53C9-E84E-444F-B534-56B3D40E8487} = {D2CB0334-8877-4FF9-9975-953094511BFB}
		{885CE8C4-CEDB-4CA3-A539-6C72C4DCA8DF} = {61BE53C9-E84E-444F-B534-56B3D40E8487}
		{B491C1A4-82EB-4D71-B85B-E238239A5AE0} = {2B7F670A-2DB5-4708-919D-9E2712667ACD}
		{03420171-576A-4581-96CC-B357337149AD} = {B491C1A4-82EB-4D71-B85B-E238239A5AE0}
		{D87C7A66-3C23-4A28-9CDC-96AA4B1B856C} = {D2CB0334-8877-4FF9-9975-953094511BFB}
		{4FCD1915-637B-423C-9DB3-1EA7CB97112F} = {D87C7A66-3C23-4A28-9CDC-96AA4B1B856C}
		{E6132DEF-D37C-4728-919E-141245D51EFF} = {2B7F670A-2DB5-4708-919D-9E2712667ACD}
		{098A0C6B-403D-48B3-BE06-4F7200DE3845} = {E6132DEF-D37C-4728-919E-141245D51EFF}
		{8E17D1D5-2AE2-4270-8233-D1D6DA0A46BD} = {D2CB0334-8877-4FF9-9975-953094511BFB}
		{4756F771-82B3-4002-B130-6BDCCD7331A9} = {8E17D1D5-2AE2-4270-8233-D1D6DA0A46BD}
		{91F05B40-468F-4D44-81C6-F6A26597A283} = {2B7F670A-2DB5-4708-919D-9E2712667ACD}
		{26D19833-C6CF-4F1B-BA0C-87033597BB54} = {91F05B40-468F-4D44-81C6-F6A26597A283}
		{E24DA1B0-C4C9-42B7-BA80-4DE93B588DA6} = {D2CB0334-8877-4FF9-9975-953094511BFB}
		{A644C4E8-6D49-4BD8-9FE0-939C09316406} = {E24DA1B0-C4C9-42B7-BA80-4DE93B588DA6}
		{4FC4433C-5F5E-4F49-9B48-61C35AEC218E} = {2B7F670A-2DB5-4708-919D-9E2712667ACD}
		{2DA27FD3-F484-4BA1-88EB-881D66C80295} = {4FC4433C-5F5E-4F49-9B48-61C35AEC218E}
		{6D88618A-6785-439D-9C23-04CFA21FDE9E} = {D2CB0334-8877-4FF9-9975-953094511BFB}
		{C44542EB-C2A6-4C4A-8FDC-749C87FBD5DE} = {6D88618A-6785-439D-9C23-04CFA21FDE9E}
		{5D7AEFBA-F52C-4FFF-A070-41411EF02BBB} = {2B7F670A-2DB5-4708-919D-9E2712667ACD}
		{4F4EACE6-4838-48B0-A818-A9C3F3C508BC} = {5D7AEFBA-F52C-4FFF-A070-41411EF02BBB}
		{0603156C-AF46-4500-A6DD-D4635EFD8DFA} = {D2CB0334-8877-4FF9-9975-953094511BFB}
		{EA743321-CA5B-4114-95AA-45034AD93706} = {0603156C-AF46-4500-A6DD-D4635EFD8DFA}
		{8C0CC0A9-85D2-4AC5-94D3-9F24F7572888} = {2B7F670A-2DB5-4708-919D-9E2712667ACD}
		{5A240FC3-C3D8-47C6-A79C-69F96D2F916B} = {8C0CC0A9-85D2-4AC5-94D3-9F24F7572888}
		{F1D49D05-B9E1-488C-8874-54D9CE1B4C11} = {D2CB0334-8877-4FF9-9975-953094511BFB}
		{EA12152C-78FD-440E-89F4-8F1340DE0954} = {F1D49D05-B9E1-488C-8874-54D9CE1B4C11}
		{620CBC3F-144F-4F13-92F3-CF7F4075670C} = {2B7F670A-2DB5-4708-919D-9E2712667ACD}
		{8F0C1A5B-BA10-4210-BB8C-69C03CCFF434} = {620CBC3F-144F-4F13-92F3-CF7F4075670C}
		{52FDCD3C-2C19-4BF3-B2A1-1CF8754EDAC8} = {D2CB0334-8877-4FF9-9975-953094511BFB}
		{16C45092-D0FF-4426-8C7C-2EFBDCF3241E} = {52FDCD3C-2C19-4BF3-B2A1-1CF8754EDAC8}
		{5198621A-184A-4E52-BA61-42A1378B2F20} = {2B7F670A-2DB5-4708-919D-9E2712667ACD}
		{CF67717D-510E-4A4E-ACF5-B51DA82A05AA} = {5198621A-184A-4E52-BA61-42A1378B2F20}
		{3D14A906-8F97-45F7-AEBF-27D17B691204} = {D2CB0334-8877-4FF9-9975-953094511BFB}
		{10ECD3BF-169D-443B-B2E5-4E65D6C7B918} = {3D14A906-8F97-45F7-AEBF-27D17B691204}
		{C3CDEB36-A74C-4115-B60B-944DB0975DC5} = {2B7F670A-2DB5-4708-919D-9E2712667ACD}
		{4F4F78BD-B6B5-44C8-8A6D-F168FF0FFFC2} = {C3CDEB36-A74C-4115-B60B-944DB0975DC5}
		{5B425FFC-0458-4537-B131-8B3912757A08} = {D2CB0334-8877-4FF9-9975-953094511BFB}
		{D9DC369F-AF70-432D-8A30-2CE4ED069DEE} = {5B425FFC-0458-4537-B131-8B3912757A08}
		{5D0F98A5-47A7-4115-B342-B7C8C946D564} = {2B7F670A-2DB5-4708-919D-9E2712667ACD}
		{205FD6EF-4A2A-4F25-92F9-5DCC98C6DC60} = {5D0F98A5-47A7-4115-B342-B7C8C946D564}
		{F2A8BF1C-A74E-4495-96B2-131AD10A159D} = {D2CB0334-8877-4FF9-9975-953094511BFB}
		{758A2BEF-8A79-44F7-B48B-9A6420DF81C1} = {F2A8BF1C-A74E-4495-96B2-131AD10A159D}
		{81428E82-CE8B-4304-9EFD-890A574ED37E} = {2B7F670A-2DB5-4708-919D-9E2712667ACD}
		{9D7C4652-F976-408B-8D9E-2EED2BBB016D} = {81428E82-CE8B-4304-9EFD-890A574ED37E}
		{6C3C99C9-2422-4326-AE0F-23FD7119E159} = {D2CB0334-8877-4FF9-9975-953094511BFB}
		{2D915C36-3A0A-43C2-8A26-849EB122C242} = {6C3C99C9-2422-4326-AE0F-23FD7119E159}
		{0AB29DFA-85A9-45A5-AD2F-C1EA3D2AB126} = {2B7F670A-2DB5-4708-919D-9E2712667ACD}
		{27658A6F-E95E-4145-BDBF-8FD52C201478} = {D2CB0334-8877-4FF9-9975-953094511BFB}
		{909381D5-D76B-4B13-B55C-4BCA89E3EEEB} = {0AB29DFA-85A9-45A5-AD2F-C1EA3D2AB126}
		{9CC180D3-97D2-4DF9-AD4E-DF8C9C54AA50} = {27658A6F-E95E-4145-BDBF-8FD52C201478}
		{59851EF1-E8FC-4F15-B252-22E5DC2F0E12} = {2B7F670A-2DB5-4708-919D-9E2712667ACD}
		{2632C4DC-DF29-4A0A-B760-023D3F1AA66E} = {59851EF1-E8FC-4F15-B252-22E5DC2F0E12}
		{EBB018BD-E25F-4BE8-96BB-98750F0AADDC} = {D2CB0334-8877-4FF9-9975-953094511BFB}
		{97DE38CC-65AD-4C11-96E0-9E5F527DD15B} = {EBB018BD-E25F-4BE8-96BB-98750F0AADDC}
		{24A783A9-820A-4473-AE9F-BF86CFB6BE9B} = {2B7F670A-2DB5-4708-919D-9E2712667ACD}
		{A661F654-8FA5-49B1-B255-25430C42CB39} = {24A783A9-820A-4473-AE9F-BF86CFB6BE9B}
		{383694EA-900B-48AD-B576-3B668AEA70DA} = {D2CB0334-8877-4FF9-9975-953094511BFB}
		{C9696741-1764-43F8-A8E5-5F14FB622AFB} = {383694EA-900B-48AD-B576-3B668AEA70DA}
		{3B5FF2B4-B953-4BB6-B262-9C2164F60235} = {2B7F670A-2DB5-4708-919D-9E2712667ACD}
		{8AF65D0E-2D3F-46A5-974A-6F55F8FACDBB} = {3B5FF2B4-B953-4BB6-B262-9C2164F60235}
		{17FFE241-C064-42F5-A3E9-6D83141F8CF6} = {D2CB0334-8877-4FF9-9975-953094511BFB}
		{C6CB0743-6FE9-422F-9204-1B52319AB40C} = {17FFE241-C064-42F5-A3E9-6D83141F8CF6}
		{18E1F068-57EF-4BA0-B151-0970DFB4436E} = {2B7F670A-2DB5-4708-919D-9E2712667ACD}
		{3A6B9115-9540-4D98-9016-888B29324068} = {18E1F068-57EF-4BA0-B151-0970DFB4436E}
		{E35D1077-164A-44C8-8427-BCBEA7768E51} = {D2CB0334-8877-4FF9-9975-953094511BFB}
		{4023D269-B3F1-435C-AB1B-85DFCA743659} = {E35D1077-164A-44C8-8427-BCBEA7768E51}
	EndGlobalSection
EndGlobal
